{
  "lockfileVersion": 1,
  "configVersion": 1,
  "workspaces": {
    "": {
      "name": "opencode-plugin-tsaperture",
      "dependencies": {
        "@opencode-ai/plugin": "^1.3.7",
      },
      "devDependencies": {
        "@types/node": "^20",
        "typescript": "^5",
      },
      "peerDependencies": {
        "opencode-ai": ">=1.3.7",
      },
    },
  },
  "packages": {
    "@opencode-ai/plugin": ["@opencode-ai/plugin@1.3.7", "", { "dependencies": { "@opencode-ai/sdk": "1.3.7", "zod": "4.1.8" }, "peerDependencies": { "@opentui/core": ">=0.1.92", "@opentui/solid": ">=0.1.92" }, "optionalPeers": ["@opentui/core", "@opentui/solid"] }, "sha512-pVBIcYtHiniQ93Gj/KRkhrIz1oIAwGRifb7+dfGWdHRy00gr9DyEHFYmgHcBYgfrBavZrWw2xmqEDJdjdBuC7g=="],

    "@opencode-ai/sdk": ["@opencode-ai/sdk@1.3.7", "", {}, "sha512-ugkta0v0dMZchN15QGmqHb9zf35k+K1VM9wt3x4ZRJ6GxKAs0XlCmQPQJflgV9YSedNxjkgTud0GCCIWUSiUOg=="],

    "@types/node": ["@types/node@20.19.37", "", { "dependencies": { "undici-types": "~6.21.0" } }, "sha512-8kzdPJ3FsNsVIurqBs7oodNnCEVbni9yUEkaHbgptDACOPW04jimGagZ51E6+lXUwJjgnBw+hyko/lkFWCldqw=="],

    "opencode-ai": ["opencode-ai@1.3.7", "", { "optionalDependencies": { "opencode-darwin-arm64": "1.3.7", "opencode-darwin-x64": "1.3.7", "opencode-darwin-x64-baseline": "1.3.7", "opencode-linux-arm64": "1.3.7", "opencode-linux-arm64-musl": "1.3.7", "opencode-linux-x64": "1.3.7", "opencode-linux-x64-baseline": "1.3.7", "opencode-linux-x64-baseline-musl": "1.3.7", "opencode-linux-x64-musl": "1.3.7", "opencode-windows-arm64": "1.3.7", "opencode-windows-x64": "1.3.7", "opencode-windows-x64-baseline": "1.3.7" }, "bin": { "opencode": "bin/opencode" } }, "sha512-AtqTOcPvHkAF/zPGs/08/8m2DeiWADCGhT/WAJ1drGem4WdPOt45jkJLPdOCheN1gqmLxTcNV0veKFVHmbjKKQ=="],

    "opencode-darwin-arm64": ["opencode-darwin-arm64@1.3.7", "", { "os": "darwin", "cpu": "arm64" }, "sha512-TRglBnrSzeR9pEFV8Z1ACqhD3r3WYl8v1y9TkgvHviTD/EXGL3Nu7f/fy3XOQprPGSLPyrlOwZXb1i9XrfTo1A=="],

    "opencode-darwin-x64": ["opencode-darwin-x64@1.3.7", "", { "os": "darwin", "cpu": "x64" }, "sha512-Nsyh3vLAqqfVyWD4qrcyRJit+CmZZpm6IdXTk9wo1hUAE/RmYIBDz1To99ZBwA3SJB1fLrciYicMN2uq8r1XNw=="],

    "opencode-darwin-x64-baseline": ["opencode-darwin-x64-baseline@1.3.7", "", { "os": "darwin", "cpu": "x64" }, "sha512-YLl+peZIC1m295JNSMzM/NM5uNs2GVewZply2GV3P6WApS5JuRIaMNvzOk7jpL90yt6pur6oEwC8g0WWwP8G4A=="],

    "opencode-linux-arm64": ["opencode-linux-arm64@1.3.7", "", { "os": "linux", "cpu": "arm64" }, "sha512-72OnT20wIhkXMGclmw7S+d8JjIb9lx8pPIW8pkyI79+qxLTp6AuTHsmUG/qDhw3NMtVDs9efAb0C/FjLXATeAA=="],

    "opencode-linux-arm64-musl": ["opencode-linux-arm64-musl@1.3.7", "", { "os": "linux", "cpu": "arm64" }, "sha512-D4gCn7oVLCc3xN0BSJOfYerCr1E1ktUkixfHQEmkoR1CLZ77Z/aHSgcm0Ln01Q+ie6MsVukvuyUQn9GEY1Dn/A=="],

    "opencode-linux-x64": ["opencode-linux-x64@1.3.7", "", { "os": "linux", "cpu": "x64" }, "sha512-rCFXrgDLhPuHazomDgzBXGLE0wJ4VRHrIe26WCHm4iqmGu9O6ExZd612Y07/CGQm4bVBHlaalcWh7N/z6GOPkA=="],

    "opencode-linux-x64-baseline": ["opencode-linux-x64-baseline@1.3.7", "", { "os": "linux", "cpu": "x64" }, "sha512-Aztdiq0U6H8Nww7mmARK/ZGkllTrePuyEEdzg2+0LWfUpDO5Cl/pMJ8btqVtTjfb/pLw+BU3JtYxw8oOhRkl/A=="],

    "opencode-linux-x64-baseline-musl": ["opencode-linux-x64-baseline-musl@1.3.7", "", { "os": "linux", "cpu": "x64" }, "sha512-DE8eqPF2benmdzUdMG+rnr0J3DtrP+x8sUzq7gecuNnU4iHo4s8Itx+gCLP978ZBdYwTkNRtNZ5BKN0ePT5KYQ=="],

    "opencode-linux-x64-musl": ["opencode-linux-x64-musl@1.3.7", "", { "os": "linux", "cpu": "x64" }, "sha512-L0ohQAbw1Ib1koawV/yJAYIGIel2zMPafbdeMXELIvpes3Sq9qIfCSRB/2ROu8gjN8P1TGnUU6Vx1F3MtJOvIA=="],

    "opencode-windows-arm64": ["opencode-windows-arm64@1.3.7", "", { "os": "win32", "cpu": "arm64" }, "sha512-s6emZ28ORIMtKyrBKvo96q2qanRwbjPHK/rOMinZ22SW7DLzNKKf1p92JMkSni0dXXGL64jsy1se5IvELc7Mvg=="],

    "opencode-windows-x64": ["opencode-windows-x64@1.3.7", "", { "os": "win32", "cpu": "x64" }, "sha512-q7V9p10Q7BH03tnYMG4k6B1ZXLDriDMtXkkw+NW1p22F7dQ22WmaMoCWnv3d4b2vNyjMjIYuPm97q0v02QI08w=="],

    "opencode-windows-x64-baseline": ["opencode-windows-x64-baseline@1.3.7", "", { "os": "win32", "cpu": "x64" }, "sha512-CGbhvn9rMXV4xEjw1lxPFbsWuOPf/xJ1AAblqKsF2VmSbqe25QG5VIf88hsJo8YmYIHz6U7tNGI4lTF1zVx9cw=="],

    "typescript": ["typescript@5.9.3", "", { "bin": { "tsc": "bin/tsc", "tsserver": "bin/tsserver" } }, "sha512-jl1vZzPDinLr9eUt3J/t7V6FgNEw9QjvBPdysz9KfQDD41fQrC2Y4vKQdiaUpFT4bXlb1RHhLpp8wtm6M5TgSw=="],

    "undici-types": ["undici-types@6.21.0", "", {}, "sha512-iwDZqg0QAGrg9Rav5H4n0M64c3mkR59cJ6wQp+7C4nI0gsmExaedaYLNO44eT4AtBBwjbTiGPMlt2Md0T9H9JQ=="],

    "zod": ["zod@4.1.8", "", {}, "sha512-5R1P+WwQqmmMIEACyzSvo4JXHY5WiAFHRMg+zBZKgKS+Q1viRa0C1hmUKtHltoIFKtIdki3pRxkmpP74jnNYHQ=="],
  }
}
