{
  "name": "opencode-plugin-tsaperture",
  "version": "1.0.0",
  "lockfileVersion": 3,
  "requires": true,
  "packages": {
    "": {
      "name": "opencode-plugin-tsaperture",
      "version": "1.0.0",
      "license": "MIT",
      "dependencies": {
        "@opencode-ai/plugin": "^1.3.7"
      },
      "devDependencies": {
        "@types/node": "^20",
        "typescript": "^5"
      },
      "peerDependencies": {
        "opencode-ai": ">=1.3.7"
      }
    },
    "node_modules/@opencode-ai/plugin": {
      "version": "1.3.7",
      "license": "MIT",
      "dependencies": {
        "@opencode-ai/sdk": "1.3.7",
        "zod": "4.1.8"
      },
      "peerDependencies": {
        "@opentui/core": ">=0.1.92",
        "@opentui/solid": ">=0.1.92"
      },
      "peerDependenciesMeta": {
        "@opentui/core": {
          "optional": true
        },
        "@opentui/solid": {
          "optional": true
        }
      }
    },
    "node_modules/@opencode-ai/sdk": {
      "version": "1.3.7",
      "license": "MIT"
    },
    "node_modules/@types/node": {
      "version": "20.19.37",
      "dev": true,
      "license": "MIT",
      "dependencies": {
        "undici-types": "~6.21.0"
      }
    },
    "node_modules/opencode-ai": {
      "version": "1.3.7",
      "hasInstallScript": true,
      "license": "MIT",
      "peer": true,
      "bin": {
        "opencode": "bin/opencode"
      },
      "optionalDependencies": {
        "opencode-darwin-arm64": "1.3.7",
        "opencode-darwin-x64": "1.3.7",
        "opencode-darwin-x64-baseline": "1.3.7",
        "opencode-linux-arm64": "1.3.7",
        "opencode-linux-arm64-musl": "1.3.7",
        "opencode-linux-x64": "1.3.7",
        "opencode-linux-x64-baseline": "1.3.7",
        "opencode-linux-x64-baseline-musl": "1.3.7",
        "opencode-linux-x64-musl": "1.3.7",
        "opencode-windows-arm64": "1.3.7",
        "opencode-windows-x64": "1.3.7",
        "opencode-windows-x64-baseline": "1.3.7"
      }
    },
    "node_modules/opencode-darwin-arm64": {
      "version": "1.3.7",
      "cpu": [
        "arm64"
      ],
      "optional": true,
      "os": [
        "darwin"
      ],
      "peer": true
    },
    "node_modules/opencode-darwin-x64": {
      "version": "1.3.7",
      "resolved": "https://registry.npmjs.org/opencode-darwin-x64/-/opencode-darwin-x64-1.3.7.tgz",
      "integrity": "sha512-Nsyh3vLAqqfVyWD4qrcyRJit+CmZZpm6IdXTk9wo1hUAE/RmYIBDz1To99ZBwA3SJB1fLrciYicMN2uq8r1XNw==",
      "cpu": [
        "x64"
      ],
      "optional": true,
      "os": [
        "darwin"
      ],
      "peer": true
    },
    "node_modules/opencode-darwin-x64-baseline": {
      "version": "1.3.7",
      "resolved": "https://registry.npmjs.org/opencode-darwin-x64-baseline/-/opencode-darwin-x64-baseline-1.3.7.tgz",
      "integrity": "sha512-YLl+peZIC1m295JNSMzM/NM5uNs2GVewZply2GV3P6WApS5JuRIaMNvzOk7jpL90yt6pur6oEwC8g0WWwP8G4A==",
      "cpu": [
        "x64"
      ],
      "optional": true,
      "os": [
        "darwin"
      ],
      "peer": true
    },
    "node_modules/opencode-linux-arm64": {
      "version": "1.3.7",
      "resolved": "https://registry.npmjs.org/opencode-linux-arm64/-/opencode-linux-arm64-1.3.7.tgz",
      "integrity": "sha512-72OnT20wIhkXMGclmw7S+d8JjIb9lx8pPIW8pkyI79+qxLTp6AuTHsmUG/qDhw3NMtVDs9efAb0C/FjLXATeAA==",
      "cpu": [
        "arm64"
      ],
      "optional": true,
      "os": [
        "linux"
      ],
      "peer": true
    },
    "node_modules/opencode-linux-arm64-musl": {
      "version": "1.3.7",
      "resolved": "https://registry.npmjs.org/opencode-linux-arm64-musl/-/opencode-linux-arm64-musl-1.3.7.tgz",
      "integrity": "sha512-D4gCn7oVLCc3xN0BSJOfYerCr1E1ktUkixfHQEmkoR1CLZ77Z/aHSgcm0Ln01Q+ie6MsVukvuyUQn9GEY1Dn/A==",
      "cpu": [
        "arm64"
      ],
      "optional": true,
      "os": [
        "linux"
      ],
      "peer": true
    },
    "node_modules/opencode-linux-x64": {
      "version": "1.3.7",
      "resolved": "https://registry.npmjs.org/opencode-linux-x64/-/opencode-linux-x64-1.3.7.tgz",
      "integrity": "sha512-rCFXrgDLhPuHazomDgzBXGLE0wJ4VRHrIe26WCHm4iqmGu9O6ExZd612Y07/CGQm4bVBHlaalcWh7N/z6GOPkA==",
      "cpu": [
        "x64"
      ],
      "optional": true,
      "os": [
        "linux"
      ],
      "peer": true
    },
    "node_modules/opencode-linux-x64-baseline": {
      "version": "1.3.7",
      "resolved": "https://registry.npmjs.org/opencode-linux-x64-baseline/-/opencode-linux-x64-baseline-1.3.7.tgz",
      "integrity": "sha512-Aztdiq0U6H8Nww7mmARK/ZGkllTrePuyEEdzg2+0LWfUpDO5Cl/pMJ8btqVtTjfb/pLw+BU3JtYxw8oOhRkl/A==",
      "cpu": [
        "x64"
      ],
      "optional": true,
      "os": [
        "linux"
      ],
      "peer": true
    },
    "node_modules/opencode-linux-x64-baseline-musl": {
      "version": "1.3.7",
      "resolved": "https://registry.npmjs.org/opencode-linux-x64-baseline-musl/-/opencode-linux-x64-baseline-musl-1.3.7.tgz",
      "integrity": "sha512-DE8eqPF2benmdzUdMG+rnr0J3DtrP+x8sUzq7gecuNnU4iHo4s8Itx+gCLP978ZBdYwTkNRtNZ5BKN0ePT5KYQ==",
      "cpu": [
        "x64"
      ],
      "optional": true,
      "os": [
        "linux"
      ],
      "peer": true
    },
    "node_modules/opencode-linux-x64-musl": {
      "version": "1.3.7",
      "resolved": "https://registry.npmjs.org/opencode-linux-x64-musl/-/opencode-linux-x64-musl-1.3.7.tgz",
      "integrity": "sha512-L0ohQAbw1Ib1koawV/yJAYIGIel2zMPafbdeMXELIvpes3Sq9qIfCSRB/2ROu8gjN8P1TGnUU6Vx1F3MtJOvIA==",
      "cpu": [
        "x64"
      ],
      "optional": true,
      "os": [
        "linux"
      ],
      "peer": true
    },
    "node_modules/opencode-windows-arm64": {
      "version": "1.3.7",
      "resolved": "https://registry.npmjs.org/opencode-windows-arm64/-/opencode-windows-arm64-1.3.7.tgz",
      "integrity": "sha512-s6emZ28ORIMtKyrBKvo96q2qanRwbjPHK/rOMinZ22SW7DLzNKKf1p92JMkSni0dXXGL64jsy1se5IvELc7Mvg==",
      "cpu": [
        "arm64"
      ],
      "optional": true,
      "os": [
        "win32"
      ],
      "peer": true
    },
    "node_modules/opencode-windows-x64": {
      "version": "1.3.7",
      "resolved": "https://registry.npmjs.org/opencode-windows-x64/-/opencode-windows-x64-1.3.7.tgz",
      "integrity": "sha512-q7V9p10Q7BH03tnYMG4k6B1ZXLDriDMtXkkw+NW1p22F7dQ22WmaMoCWnv3d4b2vNyjMjIYuPm97q0v02QI08w==",
      "cpu": [
        "x64"
      ],
      "optional": true,
      "os": [
        "win32"
      ],
      "peer": true
    },
    "node_modules/opencode-windows-x64-baseline": {
      "version": "1.3.7",
      "resolved": "https://registry.npmjs.org/opencode-windows-x64-baseline/-/opencode-windows-x64-baseline-1.3.7.tgz",
      "integrity": "sha512-CGbhvn9rMXV4xEjw1lxPFbsWuOPf/xJ1AAblqKsF2VmSbqe25QG5VIf88hsJo8YmYIHz6U7tNGI4lTF1zVx9cw==",
      "cpu": [
        "x64"
      ],
      "optional": true,
      "os": [
        "win32"
      ],
      "peer": true
    },
    "node_modules/typescript": {
      "version": "5.9.3",
      "dev": true,
      "license": "Apache-2.0",
      "bin": {
        "tsc": "bin/tsc",
        "tsserver": "bin/tsserver"
      },
      "engines": {
        "node": ">=14.17"
      }
    },
    "node_modules/undici-types": {
      "version": "6.21.0",
      "dev": true,
      "license": "MIT"
    },
    "node_modules/zod": {
      "version": "4.1.8",
      "license": "MIT",
      "funding": {
        "url": "https://github.com/sponsors/colinhacks"
      }
    }
  }
}
